
Microsoft Visual Studio Solution File, Format Version 12.00
# Visual Studio 15
VisualStudioVersion = 15.0.27703.2000
MinimumVisualStudioVersion = 10.0.40219.1
Project("{FAE04EC0-301F-11D3-BF4B-00C04F79EFBC}") = "WindowsFormsApp1", "WindowsFormsApp1\WindowsFormsApp1.csproj", "{92696198-C369-4D93-85D1-3208D4DBB4D1}"
EndProject
Global
	GlobalSection(SolutionConfigurationPlatforms) = preSolution
		Debug|Any CPU = Debug|Any CPU
		Release|Any CPU = Release|Any CPU
	EndGlobalSection
	GlobalSection(ProjectConfigurationPlatforms) = postSolution
		{92696198-C369-4D93-85D1-3208D4DBB4D1}.Debug|Any CPU.ActiveCfg = Debug|Any CPU
		{92696198-C369-4D93-85D1-3208D4DBB4D1}.Debug|Any CPU.Build.0 = Debug|Any CPU
		{92696198-C369-4D93-85D1-3208D4DBB4D1}.Release|Any CPU.ActiveCfg = Release|Any CPU
		{92696198-C369-4D93-85D1-3208D4DBB4D1}.Release|Any CPU.Build.0 = Release|Any CPU
	EndGlobalSection
	GlobalSection(SolutionProperties) = preSolution
		HideSolutionNode = FALSE
	EndGlobalSection
	GlobalSection(ExtensibilityGlobals) = postSolution
		SolutionGuid = {E4872C96-D6A2-4035-AC3F-4876FDDB543E}
	EndGlobalSection
EndGlobal
